{
  "version": 4,
  "terraform_version": "1.13.3",
  "serial": 195,
  "lineage": "5f439f83-6d4c-930d-86b4-e329ffb877e1",
  "outputs": {
    "artifacts_bucket": {
      "value": "tastetrend-dev-artifacts-550744777598",
      "type": "string"
    },
    "environment": {
      "value": "dev",
      "type": "string"
    },
    "lambda_api_name": {
      "value": "tastetrend-dev-api",
      "type": "string"
    },
    "opensearch_collection_endpoint": {
      "value": "https://697udndp6e24wq9djiu4.eu-central-1.aoss.amazonaws.com",
      "type": "string"
    },
    "processed_bucket": {
      "value": "tastetrend-dev-processed-550744777598",
      "type": "string"
    },
    "raw_bucket": {
      "value": "tastetrend-dev-raw-550744777598",
      "type": "string"
    }
  },
  "resources": [
    {
      "mode": "data",
      "type": "aws_caller_identity",
      "name": "me",
      "provider": "provider[\"registry.terraform.io/hashicorp/aws\"]",
      "instances": [
        {
          "schema_version": 0,
          "attributes": {
            "account_id": "550744777598",
            "arn": "arn:aws:iam::550744777598:user/antalb97",
            "id": "550744777598",
            "user_id": "AIDAYAOXSMN7GCNSESPHL"
          },
          "sensitive_attributes": [],
          "identity_schema_version": 0
        }
      ]
    },
    {
      "module": "module.artifacts",
      "mode": "managed",
      "type": "aws_s3_bucket",
      "name": "this",
      "provider": "provider[\"registry.terraform.io/hashicorp/aws\"]",
      "instances": [
        {
          "schema_version": 0,
          "attributes": {
            "acceleration_status": "",
            "acl": null,
            "arn": "arn:aws:s3:::tastetrend-dev-artifacts-550744777598",
            "bucket": "tastetrend-dev-artifacts-550744777598",
            "bucket_domain_name": "tastetrend-dev-artifacts-550744777598.s3.amazonaws.com",
            "bucket_prefix": "",
            "bucket_regional_domain_name": "tastetrend-dev-artifacts-550744777598.s3.eu-central-1.amazonaws.com",
            "cors_rule": [],
            "force_destroy": false,
            "grant": [
              {
                "id": "0deb17b4785afdfab3273f58657dc3bf9b594b02dfa214f0841f5c11b27dea2d",
                "permissions": [
                  "FULL_CONTROL"
                ],
                "type": "CanonicalUser",
                "uri": ""
              }
            ],
            "hosted_zone_id": "Z21DNDUVLTQW6Q",
            "id": "tastetrend-dev-artifacts-550744777598",
            "lifecycle_rule": [],
            "logging": [],
            "object_lock_configuration": [],
            "object_lock_enabled": false,
            "policy": "",
            "region": "eu-central-1",
            "replication_configuration": [],
            "request_payer": "BucketOwner",
            "server_side_encryption_configuration": [
              {
                "rule": [
                  {
                    "apply_server_side_encryption_by_default": [
                      {
                        "kms_master_key_id": "",
                        "sse_algorithm": "AES256"
                      }
                    ],
                    "bucket_key_enabled": false
                  }
                ]
              }
            ],
            "tags": {},
            "tags_all": {},
            "timeouts": null,
            "versioning": [
              {
                "enabled": true,
                "mfa_delete": false
              }
            ],
            "website": [],
            "website_domain": null,
            "website_endpoint": null
          },
          "sensitive_attributes": [],
          "identity_schema_version": 0,
          "private": "eyJlMmJmYjczMC1lY2FhLTExZTYtOGY4OC0zNDM2M2JjN2M0YzAiOnsiY3JlYXRlIjoxMjAwMDAwMDAwMDAwLCJkZWxldGUiOjM2MDAwMDAwMDAwMDAsInJlYWQiOjEyMDAwMDAwMDAwMDAsInVwZGF0ZSI6MTIwMDAwMDAwMDAwMH19",
          "dependencies": [
            "data.aws_caller_identity.me"
          ]
        }
      ]
    },
    {
      "module": "module.artifacts",
      "mode": "managed",
      "type": "aws_s3_bucket_public_access_block",
      "name": "block",
      "provider": "provider[\"registry.terraform.io/hashicorp/aws\"]",
      "instances": [
        {
          "schema_version": 0,
          "attributes": {
            "block_public_acls": true,
            "block_public_policy": true,
            "bucket": "tastetrend-dev-artifacts-550744777598",
            "id": "tastetrend-dev-artifacts-550744777598",
            "ignore_public_acls": true,
            "restrict_public_buckets": true
          },
          "sensitive_attributes": [],
          "identity_schema_version": 0,
          "private": "bnVsbA==",
          "dependencies": [
            "data.aws_caller_identity.me",
            "module.artifacts.aws_s3_bucket.this"
          ]
        }
      ]
    },
    {
      "module": "module.artifacts",
      "mode": "managed",
      "type": "aws_s3_bucket_server_side_encryption_configuration",
      "name": "enc",
      "provider": "provider[\"registry.terraform.io/hashicorp/aws\"]",
      "instances": [
        {
          "schema_version": 0,
          "attributes": {
            "bucket": "tastetrend-dev-artifacts-550744777598",
            "expected_bucket_owner": "",
            "id": "tastetrend-dev-artifacts-550744777598",
            "rule": [
              {
                "apply_server_side_encryption_by_default": [
                  {
                    "kms_master_key_id": "",
                    "sse_algorithm": "AES256"
                  }
                ],
                "bucket_key_enabled": false
              }
            ]
          },
          "sensitive_attributes": [],
          "identity_schema_version": 0,
          "private": "bnVsbA==",
          "dependencies": [
            "data.aws_caller_identity.me",
            "module.artifacts.aws_s3_bucket.this"
          ]
        }
      ]
    },
    {
      "module": "module.artifacts",
      "mode": "managed",
      "type": "aws_s3_bucket_versioning",
      "name": "v",
      "provider": "provider[\"registry.terraform.io/hashicorp/aws\"]",
      "instances": [
        {
          "schema_version": 0,
          "attributes": {
            "bucket": "tastetrend-dev-artifacts-550744777598",
            "expected_bucket_owner": "",
            "id": "tastetrend-dev-artifacts-550744777598",
            "mfa": null,
            "versioning_configuration": [
              {
                "mfa_delete": "",
                "status": "Enabled"
              }
            ]
          },
          "sensitive_attributes": [],
          "identity_schema_version": 0,
          "private": "bnVsbA==",
          "dependencies": [
            "data.aws_caller_identity.me",
            "module.artifacts.aws_s3_bucket.this"
          ]
        }
      ]
    },
    {
      "module": "module.iam",
      "mode": "data",
      "type": "aws_iam_policy_document",
      "name": "assume",
      "provider": "provider[\"registry.terraform.io/hashicorp/aws\"]",
      "instances": [
        {
          "schema_version": 0,
          "attributes": {
            "id": "2690255455",
            "json": "{\n  \"Version\": \"2012-10-17\",\n  \"Statement\": [\n    {\n      \"Effect\": \"Allow\",\n      \"Action\": \"sts:AssumeRole\",\n      \"Principal\": {\n        \"Service\": \"lambda.amazonaws.com\"\n      }\n    }\n  ]\n}",
            "minified_json": "{\"Version\":\"2012-10-17\",\"Statement\":[{\"Effect\":\"Allow\",\"Action\":\"sts:AssumeRole\",\"Principal\":{\"Service\":\"lambda.amazonaws.com\"}}]}",
            "override_json": null,
            "override_policy_documents": null,
            "policy_id": null,
            "source_json": null,
            "source_policy_documents": null,
            "statement": [
              {
                "actions": [
                  "sts:AssumeRole"
                ],
                "condition": [],
                "effect": "Allow",
                "not_actions": [],
                "not_principals": [],
                "not_resources": [],
                "principals": [
                  {
                    "identifiers": [
                      "lambda.amazonaws.com"
                    ],
                    "type": "Service"
                  }
                ],
                "resources": [],
                "sid": ""
              }
            ],
            "version": "2012-10-17"
          },
          "sensitive_attributes": [],
          "identity_schema_version": 0
        }
      ]
    },
    {
      "module": "module.iam",
      "mode": "data",
      "type": "aws_iam_policy_document",
      "name": "ec2_assume",
      "provider": "provider[\"registry.terraform.io/hashicorp/aws\"]",
      "instances": [
        {
          "schema_version": 0,
          "attributes": {
            "id": "2851119427",
            "json": "{\n  \"Version\": \"2012-10-17\",\n  \"Statement\": [\n    {\n      \"Effect\": \"Allow\",\n      \"Action\": \"sts:AssumeRole\",\n      \"Principal\": {\n        \"Service\": \"ec2.amazonaws.com\"\n      }\n    }\n  ]\n}",
            "minified_json": "{\"Version\":\"2012-10-17\",\"Statement\":[{\"Effect\":\"Allow\",\"Action\":\"sts:AssumeRole\",\"Principal\":{\"Service\":\"ec2.amazonaws.com\"}}]}",
            "override_json": null,
            "override_policy_documents": null,
            "policy_id": null,
            "source_json": null,
            "source_policy_documents": null,
            "statement": [
              {
                "actions": [
                  "sts:AssumeRole"
                ],
                "condition": [],
                "effect": "Allow",
                "not_actions": [],
                "not_principals": [],
                "not_resources": [],
                "principals": [
                  {
                    "identifiers": [
                      "ec2.amazonaws.com"
                    ],
                    "type": "Service"
                  }
                ],
                "resources": [],
                "sid": ""
              }
            ],
            "version": "2012-10-17"
          },
          "sensitive_attributes": [],
          "identity_schema_version": 0
        }
      ]
    },
    {
      "module": "module.iam",
      "mode": "data",
      "type": "aws_iam_policy_document",
      "name": "s3",
      "provider": "provider[\"registry.terraform.io/hashicorp/aws\"]",
      "instances": [
        {
          "schema_version": 0,
          "attributes": {
            "id": "3877593902",
            "json": "{\n  \"Version\": \"2012-10-17\",\n  \"Statement\": [\n    {\n      \"Effect\": \"Allow\",\n      \"Action\": [\n        \"s3:PutObject\",\n        \"s3:ListBucket\",\n        \"s3:GetObject\"\n      ],\n      \"Resource\": [\n        \"arn:aws:s3:::tastetrend-dev-raw-550744777598/*\",\n        \"arn:aws:s3:::tastetrend-dev-raw-550744777598\",\n        \"arn:aws:s3:::tastetrend-dev-processed-550744777598/*\",\n        \"arn:aws:s3:::tastetrend-dev-processed-550744777598\"\n      ]\n    }\n  ]\n}",
            "minified_json": "{\"Version\":\"2012-10-17\",\"Statement\":[{\"Effect\":\"Allow\",\"Action\":[\"s3:PutObject\",\"s3:ListBucket\",\"s3:GetObject\"],\"Resource\":[\"arn:aws:s3:::tastetrend-dev-raw-550744777598/*\",\"arn:aws:s3:::tastetrend-dev-raw-550744777598\",\"arn:aws:s3:::tastetrend-dev-processed-550744777598/*\",\"arn:aws:s3:::tastetrend-dev-processed-550744777598\"]}]}",
            "override_json": null,
            "override_policy_documents": null,
            "policy_id": null,
            "source_json": null,
            "source_policy_documents": null,
            "statement": [
              {
                "actions": [
                  "s3:GetObject",
                  "s3:ListBucket",
                  "s3:PutObject"
                ],
                "condition": [],
                "effect": "Allow",
                "not_actions": [],
                "not_principals": [],
                "not_resources": [],
                "principals": [],
                "resources": [
                  "arn:aws:s3:::tastetrend-dev-processed-550744777598",
                  "arn:aws:s3:::tastetrend-dev-processed-550744777598/*",
                  "arn:aws:s3:::tastetrend-dev-raw-550744777598",
                  "arn:aws:s3:::tastetrend-dev-raw-550744777598/*"
                ],
                "sid": ""
              }
            ],
            "version": "2012-10-17"
          },
          "sensitive_attributes": [],
          "identity_schema_version": 0
        }
      ]
    },
    {
      "module": "module.iam",
      "mode": "managed",
      "type": "aws_iam_instance_profile",
      "name": "ec2_ingest_profile",
      "provider": "provider[\"registry.terraform.io/hashicorp/aws\"]",
      "instances": [
        {
          "schema_version": 0,
          "attributes": {
            "arn": "arn:aws:iam::550744777598:instance-profile/tastetrend-ec2-ingest-profile",
            "create_date": "2025-10-05T17:18:54Z",
            "id": "tastetrend-ec2-ingest-profile",
            "name": "tastetrend-ec2-ingest-profile",
            "name_prefix": "",
            "path": "/",
            "role": "tastetrend-ec2-ingest-role",
            "tags": {},
            "tags_all": {},
            "unique_id": "AIPAYAOXSMN7BG4HMTNXO"
          },
          "sensitive_attributes": [],
          "identity_schema_version": 0,
          "private": "bnVsbA==",
          "dependencies": [
            "module.iam.aws_iam_role.ec2_ingest_role",
            "module.iam.data.aws_iam_policy_document.ec2_assume"
          ]
        }
      ]
    },
    {
      "module": "module.iam",
      "mode": "managed",
      "type": "aws_iam_policy",
      "name": "bedrock_policy",
      "provider": "provider[\"registry.terraform.io/hashicorp/aws\"]",
      "instances": [
        {
          "schema_version": 0,
          "attributes": {
            "arn": "arn:aws:iam::550744777598:policy/tastetrend-dev-api-bedrock",
            "attachment_count": 2,
            "description": "",
            "id": "arn:aws:iam::550744777598:policy/tastetrend-dev-api-bedrock",
            "name": "tastetrend-dev-api-bedrock",
            "name_prefix": "",
            "path": "/",
            "policy": "{\"Statement\":[{\"Action\":[\"bedrock:InvokeModel\",\"bedrock:InvokeModelWithResponseStream\"],\"Effect\":\"Allow\",\"Resource\":\"*\"}],\"Version\":\"2012-10-17\"}",
            "policy_id": "ANPAYAOXSMN7KTO53JYNL",
            "tags": {},
            "tags_all": {}
          },
          "sensitive_attributes": [],
          "identity_schema_version": 0,
          "private": "bnVsbA=="
        }
      ]
    },
    {
      "module": "module.iam",
      "mode": "managed",
      "type": "aws_iam_policy",
      "name": "opensearch_policy",
      "provider": "provider[\"registry.terraform.io/hashicorp/aws\"]",
      "instances": [
        {
          "schema_version": 0,
          "attributes": {
            "arn": "arn:aws:iam::550744777598:policy/tastetrend-dev-api-aoss",
            "attachment_count": 2,
            "description": "",
            "id": "arn:aws:iam::550744777598:policy/tastetrend-dev-api-aoss",
            "name": "tastetrend-dev-api-aoss",
            "name_prefix": "",
            "path": "/",
            "policy": "{\"Statement\":[{\"Action\":[\"aoss:APIAccessAll\",\"aoss:CreateCollectionItems\",\"aoss:UpdateCollectionItems\",\"aoss:DescribeCollectionItems\",\"aoss:ReadCollectionItems\"],\"Effect\":\"Allow\",\"Resource\":\"*\"}],\"Version\":\"2012-10-17\"}",
            "policy_id": "ANPAYAOXSMN7NVT6ZXY3N",
            "tags": {},
            "tags_all": {}
          },
          "sensitive_attributes": [],
          "identity_schema_version": 0,
          "private": "bnVsbA=="
        }
      ]
    },
    {
      "module": "module.iam",
      "mode": "managed",
      "type": "aws_iam_policy",
      "name": "s3_policy",
      "provider": "provider[\"registry.terraform.io/hashicorp/aws\"]",
      "instances": [
        {
          "schema_version": 0,
          "attributes": {
            "arn": "arn:aws:iam::550744777598:policy/tastetrend-dev-api-s3",
            "attachment_count": 2,
            "description": "",
            "id": "arn:aws:iam::550744777598:policy/tastetrend-dev-api-s3",
            "name": "tastetrend-dev-api-s3",
            "name_prefix": "",
            "path": "/",
            "policy": "{\"Statement\":[{\"Action\":[\"s3:PutObject\",\"s3:ListBucket\",\"s3:GetObject\"],\"Effect\":\"Allow\",\"Resource\":[\"arn:aws:s3:::tastetrend-dev-raw-550744777598/*\",\"arn:aws:s3:::tastetrend-dev-raw-550744777598\",\"arn:aws:s3:::tastetrend-dev-processed-550744777598/*\",\"arn:aws:s3:::tastetrend-dev-processed-550744777598\"]}],\"Version\":\"2012-10-17\"}",
            "policy_id": "ANPAYAOXSMN7FIIYAEKZ7",
            "tags": {},
            "tags_all": {}
          },
          "sensitive_attributes": [],
          "identity_schema_version": 0,
          "private": "bnVsbA==",
          "dependencies": [
            "data.aws_caller_identity.me",
            "module.iam.data.aws_iam_policy_document.s3",
            "module.processed.aws_s3_bucket.this",
            "module.raw.aws_s3_bucket.this"
          ]
        }
      ]
    },
    {
      "module": "module.iam",
      "mode": "managed",
      "type": "aws_iam_role",
      "name": "ec2_ingest_role",
      "provider": "provider[\"registry.terraform.io/hashicorp/aws\"]",
      "instances": [
        {
          "schema_version": 0,
          "attributes": {
            "arn": "arn:aws:iam::550744777598:role/tastetrend-ec2-ingest-role",
            "assume_role_policy": "{\"Statement\":[{\"Action\":\"sts:AssumeRole\",\"Effect\":\"Allow\",\"Principal\":{\"Service\":\"ec2.amazonaws.com\"}}],\"Version\":\"2012-10-17\"}",
            "create_date": "2025-10-05T17:18:53Z",
            "description": "",
            "force_detach_policies": false,
            "id": "tastetrend-ec2-ingest-role",
            "inline_policy": [],
            "managed_policy_arns": [
              "arn:aws:iam::550744777598:policy/tastetrend-dev-api-aoss",
              "arn:aws:iam::550744777598:policy/tastetrend-dev-api-bedrock",
              "arn:aws:iam::550744777598:policy/tastetrend-dev-api-s3",
              "arn:aws:iam::aws:policy/CloudWatchAgentServerPolicy"
            ],
            "max_session_duration": 3600,
            "name": "tastetrend-ec2-ingest-role",
            "name_prefix": "",
            "path": "/",
            "permissions_boundary": "",
            "tags": {},
            "tags_all": {},
            "unique_id": "AROAYAOXSMN7LYZXXU3LI"
          },
          "sensitive_attributes": [],
          "identity_schema_version": 0,
          "private": "bnVsbA==",
          "dependencies": [
            "module.iam.data.aws_iam_policy_document.ec2_assume"
          ]
        }
      ]
    },
    {
      "module": "module.iam",
      "mode": "managed",
      "type": "aws_iam_role",
      "name": "lambda",
      "provider": "provider[\"registry.terraform.io/hashicorp/aws\"]",
      "instances": [
        {
          "schema_version": 0,
          "attributes": {
            "arn": "arn:aws:iam::550744777598:role/tastetrend-dev-api-role",
            "assume_role_policy": "{\"Statement\":[{\"Action\":\"sts:AssumeRole\",\"Effect\":\"Allow\",\"Principal\":{\"Service\":\"lambda.amazonaws.com\"}}],\"Version\":\"2012-10-17\"}",
            "create_date": "2025-10-05T12:38:57Z",
            "description": "",
            "force_detach_policies": false,
            "id": "tastetrend-dev-api-role",
            "inline_policy": [],
            "managed_policy_arns": [
              "arn:aws:iam::550744777598:policy/tastetrend-dev-api-aoss",
              "arn:aws:iam::550744777598:policy/tastetrend-dev-api-bedrock",
              "arn:aws:iam::550744777598:policy/tastetrend-dev-api-s3",
              "arn:aws:iam::aws:policy/service-role/AWSLambdaBasicExecutionRole"
            ],
            "max_session_duration": 3600,
            "name": "tastetrend-dev-api-role",
            "name_prefix": "",
            "path": "/",
            "permissions_boundary": "",
            "tags": {},
            "tags_all": {},
            "unique_id": "AROAYAOXSMN7DKEAE4LWA"
          },
          "sensitive_attributes": [],
          "identity_schema_version": 0,
          "private": "bnVsbA==",
          "dependencies": [
            "module.iam.data.aws_iam_policy_document.assume"
          ]
        }
      ]
    },
    {
      "module": "module.iam",
      "mode": "managed",
      "type": "aws_iam_role_policy_attachment",
      "name": "aoss_attach",
      "provider": "provider[\"registry.terraform.io/hashicorp/aws\"]",
      "instances": [
        {
          "schema_version": 0,
          "attributes": {
            "id": "tastetrend-dev-api-role-20251005123858272300000003",
            "policy_arn": "arn:aws:iam::550744777598:policy/tastetrend-dev-api-aoss",
            "role": "tastetrend-dev-api-role"
          },
          "sensitive_attributes": [],
          "identity_schema_version": 0,
          "private": "bnVsbA==",
          "dependencies": [
            "module.iam.aws_iam_policy.opensearch_policy",
            "module.iam.aws_iam_role.lambda",
            "module.iam.data.aws_iam_policy_document.assume"
          ]
        }
      ]
    },
    {
      "module": "module.iam",
      "mode": "managed",
      "type": "aws_iam_role_policy_attachment",
      "name": "basic_exec",
      "provider": "provider[\"registry.terraform.io/hashicorp/aws\"]",
      "instances": [
        {
          "schema_version": 0,
          "attributes": {
            "id": "tastetrend-dev-api-role-20251005123858318200000005",
            "policy_arn": "arn:aws:iam::aws:policy/service-role/AWSLambdaBasicExecutionRole",
            "role": "tastetrend-dev-api-role"
          },
          "sensitive_attributes": [],
          "identity_schema_version": 0,
          "private": "bnVsbA==",
          "dependencies": [
            "module.iam.aws_iam_role.lambda",
            "module.iam.data.aws_iam_policy_document.assume"
          ]
        }
      ]
    },
    {
      "module": "module.iam",
      "mode": "managed",
      "type": "aws_iam_role_policy_attachment",
      "name": "bedrock_attach",
      "provider": "provider[\"registry.terraform.io/hashicorp/aws\"]",
      "instances": [
        {
          "schema_version": 0,
          "attributes": {
            "id": "tastetrend-dev-api-role-20251005123858260300000002",
            "policy_arn": "arn:aws:iam::550744777598:policy/tastetrend-dev-api-bedrock",
            "role": "tastetrend-dev-api-role"
          },
          "sensitive_attributes": [],
          "identity_schema_version": 0,
          "private": "bnVsbA==",
          "dependencies": [
            "module.iam.aws_iam_policy.bedrock_policy",
            "module.iam.aws_iam_role.lambda",
            "module.iam.data.aws_iam_policy_document.assume"
          ]
        }
      ]
    },
    {
      "module": "module.iam",
      "mode": "managed",
      "type": "aws_iam_role_policy_attachment",
      "name": "ec2_attach_aoss",
      "provider": "provider[\"registry.terraform.io/hashicorp/aws\"]",
      "instances": [
        {
          "schema_version": 0,
          "attributes": {
            "id": "tastetrend-ec2-ingest-role-20251005171854834500000002",
            "policy_arn": "arn:aws:iam::550744777598:policy/tastetrend-dev-api-aoss",
            "role": "tastetrend-ec2-ingest-role"
          },
          "sensitive_attributes": [],
          "identity_schema_version": 0,
          "private": "bnVsbA==",
          "dependencies": [
            "module.iam.aws_iam_policy.opensearch_policy",
            "module.iam.aws_iam_role.ec2_ingest_role",
            "module.iam.data.aws_iam_policy_document.ec2_assume"
          ]
        }
      ]
    },
    {
      "module": "module.iam",
      "mode": "managed",
      "type": "aws_iam_role_policy_attachment",
      "name": "ec2_attach_basic",
      "provider": "provider[\"registry.terraform.io/hashicorp/aws\"]",
      "instances": [
        {
          "schema_version": 0,
          "attributes": {
            "id": "tastetrend-ec2-ingest-role-20251005171854611500000001",
            "policy_arn": "arn:aws:iam::aws:policy/CloudWatchAgentServerPolicy",
            "role": "tastetrend-ec2-ingest-role"
          },
          "sensitive_attributes": [],
          "identity_schema_version": 0,
          "private": "bnVsbA==",
          "dependencies": [
            "module.iam.aws_iam_role.ec2_ingest_role",
            "module.iam.data.aws_iam_policy_document.ec2_assume"
          ]
        }
      ]
    },
    {
      "module": "module.iam",
      "mode": "managed",
      "type": "aws_iam_role_policy_attachment",
      "name": "ec2_attach_bedrock",
      "provider": "provider[\"registry.terraform.io/hashicorp/aws\"]",
      "instances": [
        {
          "schema_version": 0,
          "attributes": {
            "id": "tastetrend-ec2-ingest-role-20251005171854888300000003",
            "policy_arn": "arn:aws:iam::550744777598:policy/tastetrend-dev-api-bedrock",
            "role": "tastetrend-ec2-ingest-role"
          },
          "sensitive_attributes": [],
          "identity_schema_version": 0,
          "private": "bnVsbA==",
          "dependencies": [
            "module.iam.aws_iam_policy.bedrock_policy",
            "module.iam.aws_iam_role.ec2_ingest_role",
            "module.iam.data.aws_iam_policy_document.ec2_assume"
          ]
        }
      ]
    },
    {
      "module": "module.iam",
      "mode": "managed",
      "type": "aws_iam_role_policy_attachment",
      "name": "ec2_attach_s3",
      "provider": "provider[\"registry.terraform.io/hashicorp/aws\"]",
      "instances": [
        {
          "schema_version": 0,
          "attributes": {
            "id": "tastetrend-ec2-ingest-role-20251005171855042100000004",
            "policy_arn": "arn:aws:iam::550744777598:policy/tastetrend-dev-api-s3",
            "role": "tastetrend-ec2-ingest-role"
          },
          "sensitive_attributes": [],
          "identity_schema_version": 0,
          "private": "bnVsbA==",
          "dependencies": [
            "data.aws_caller_identity.me",
            "module.iam.aws_iam_policy.s3_policy",
            "module.iam.aws_iam_role.ec2_ingest_role",
            "module.iam.data.aws_iam_policy_document.ec2_assume",
            "module.iam.data.aws_iam_policy_document.s3",
            "module.processed.aws_s3_bucket.this",
            "module.raw.aws_s3_bucket.this"
          ]
        }
      ]
    },
    {
      "module": "module.iam",
      "mode": "managed",
      "type": "aws_iam_role_policy_attachment",
      "name": "s3_attach",
      "provider": "provider[\"registry.terraform.io/hashicorp/aws\"]",
      "instances": [
        {
          "schema_version": 0,
          "attributes": {
            "id": "tastetrend-dev-api-role-20251005123858301500000004",
            "policy_arn": "arn:aws:iam::550744777598:policy/tastetrend-dev-api-s3",
            "role": "tastetrend-dev-api-role"
          },
          "sensitive_attributes": [],
          "identity_schema_version": 0,
          "private": "bnVsbA==",
          "dependencies": [
            "data.aws_caller_identity.me",
            "module.iam.aws_iam_policy.s3_policy",
            "module.iam.aws_iam_role.lambda",
            "module.iam.data.aws_iam_policy_document.assume",
            "module.iam.data.aws_iam_policy_document.s3",
            "module.processed.aws_s3_bucket.this",
            "module.raw.aws_s3_bucket.this"
          ]
        }
      ]
    },
    {
      "module": "module.iam",
      "mode": "managed",
      "type": "aws_iam_user",
      "name": "me",
      "provider": "provider[\"registry.terraform.io/hashicorp/aws\"]",
      "instances": [
        {
          "schema_version": 0,
          "attributes": {
            "arn": "arn:aws:iam::550744777598:user/antalb97",
            "force_destroy": false,
            "id": "antalb97",
            "name": "antalb97",
            "path": "/",
            "permissions_boundary": "",
            "tags": {},
            "tags_all": {},
            "unique_id": "AIDAYAOXSMN7GCNSESPHL"
          },
          "sensitive_attributes": [],
          "identity_schema_version": 0,
          "private": "bnVsbA=="
        }
      ]
    },
    {
      "module": "module.iam",
      "mode": "managed",
      "type": "aws_iam_user_policy",
      "name": "allow_layer_access",
      "provider": "provider[\"registry.terraform.io/hashicorp/aws\"]",
      "instances": [
        {
          "schema_version": 0,
          "attributes": {
            "id": "antalb97:allow-layer-access",
            "name": "allow-layer-access",
            "name_prefix": "",
            "policy": "{\"Version\":\"2012-10-17\",\"Statement\":[{\"Action\":[\"lambda:GetLayerVersion\"],\"Effect\":\"Allow\",\"Resource\":\"arn:aws:lambda:eu-central-1:336392948345:layer:AWSDataWrangler-Python311:*\"}]}",
            "user": "antalb97"
          },
          "sensitive_attributes": [],
          "identity_schema_version": 0,
          "private": "bnVsbA=="
        }
      ]
    },
    {
      "module": "module.lambda_api",
      "mode": "managed",
      "type": "aws_lambda_function",
      "name": "this",
      "provider": "provider[\"registry.terraform.io/hashicorp/aws\"]",
      "instances": [
        {
          "schema_version": 0,
          "attributes": {
            "architectures": [
              "x86_64"
            ],
            "arn": "arn:aws:lambda:eu-central-1:550744777598:function:tastetrend-dev-api",
            "code_sha256": "E3x7YRj1C/nO3k5tBIqwoEmDMAZ84L0pfPsgOWcnHmY=",
            "code_signing_config_arn": "",
            "dead_letter_config": [],
            "description": "",
            "environment": [
              {
                "variables": {
                  "ENVIRONMENT": "dev",
                  "OPENSEARCH_ENDPOINT": "https://697udndp6e24wq9djiu4.eu-central-1.aoss.amazonaws.com",
                  "PROCESSED_BUCKET": "tastetrend-dev-processed-550744777598",
                  "RAW_BUCKET": "tastetrend-dev-raw-550744777598"
                }
              }
            ],
            "ephemeral_storage": [
              {
                "size": 512
              }
            ],
            "file_system_config": [],
            "filename": null,
            "function_name": "tastetrend-dev-api",
            "handler": "lambda.api_handler.lambda_handler",
            "id": "tastetrend-dev-api",
            "image_config": [],
            "image_uri": "",
            "invoke_arn": "arn:aws:apigateway:eu-central-1:lambda:path/2015-03-31/functions/arn:aws:lambda:eu-central-1:550744777598:function:tastetrend-dev-api/invocations",
            "kms_key_arn": "",
            "last_modified": "2025-10-05T17:03:32.000+0000",
            "layers": [
              "arn:aws:lambda:eu-central-1:336392948345:layer:AWSSDKPandas-Python311:23"
            ],
            "logging_config": [
              {
                "application_log_level": "",
                "log_format": "Text",
                "log_group": "/aws/lambda/tastetrend-dev-api",
                "system_log_level": ""
              }
            ],
            "memory_size": 3008,
            "package_type": "Zip",
            "publish": false,
            "qualified_arn": "arn:aws:lambda:eu-central-1:550744777598:function:tastetrend-dev-api:$LATEST",
            "qualified_invoke_arn": "arn:aws:apigateway:eu-central-1:lambda:path/2015-03-31/functions/arn:aws:lambda:eu-central-1:550744777598:function:tastetrend-dev-api:$LATEST/invocations",
            "replace_security_groups_on_destroy": null,
            "replacement_security_group_ids": null,
            "reserved_concurrent_executions": -1,
            "role": "arn:aws:iam::550744777598:role/tastetrend-dev-api-role",
            "runtime": "python3.11",
            "s3_bucket": "tastetrend-dev-artifacts-550744777598",
            "s3_key": "lambda/api-0.4.zip",
            "s3_object_version": "",
            "signing_job_arn": "",
            "signing_profile_version_arn": "",
            "skip_destroy": false,
            "snap_start": [],
            "source_code_hash": "",
            "source_code_size": 21326,
            "tags": {},
            "tags_all": {},
            "timeout": 900,
            "timeouts": null,
            "tracing_config": [
              {
                "mode": "PassThrough"
              }
            ],
            "version": "$LATEST",
            "vpc_config": []
          },
          "sensitive_attributes": [],
          "identity_schema_version": 0,
          "private": "eyJlMmJmYjczMC1lY2FhLTExZTYtOGY4OC0zNDM2M2JjN2M0YzAiOnsiY3JlYXRlIjo2MDAwMDAwMDAwMDAsImRlbGV0ZSI6NjAwMDAwMDAwMDAwLCJ1cGRhdGUiOjYwMDAwMDAwMDAwMH19",
          "dependencies": [
            "data.aws_caller_identity.me",
            "module.artifacts.aws_s3_bucket.this",
            "module.artifacts.aws_s3_bucket_public_access_block.block",
            "module.artifacts.aws_s3_bucket_server_side_encryption_configuration.enc",
            "module.artifacts.aws_s3_bucket_versioning.v",
            "module.iam.aws_iam_role.lambda",
            "module.iam.data.aws_iam_policy_document.assume",
            "module.opensearch.aws_opensearchserverless_access_policy.access",
            "module.opensearch.aws_opensearchserverless_collection.tastetrend",
            "module.opensearch.aws_opensearchserverless_security_policy.encryption",
            "module.opensearch.aws_opensearchserverless_security_policy.network",
            "module.processed.aws_s3_bucket.this",
            "module.raw.aws_s3_bucket.this"
          ]
        }
      ]
    },
    {
      "module": "module.opensearch",
      "mode": "managed",
      "type": "aws_opensearchserverless_access_policy",
      "name": "access",
      "provider": "provider[\"registry.terraform.io/hashicorp/aws\"]",
      "instances": [
        {
          "schema_version": 0,
          "attributes": {
            "description": "Allow Lambda, EC2, and developer user to read/write documents and manage indexes in the TasteTrend collection",
            "id": "tastetrend-access",
            "name": "tastetrend-access",
            "policy": "[{\"Principal\":[\"arn:aws:iam::550744777598:role/tastetrend-dev-api-role\",\"arn:aws:iam::550744777598:role/tastetrend-ec2-ingest-role\",\"arn:aws:iam::550744777598:user/antalb97\"],\"Rules\":[{\"Permission\":[\"aoss:ReadDocument\",\"aoss:WriteDocument\",\"aoss:CreateIndex\",\"aoss:UpdateIndex\",\"aoss:DescribeIndex\",\"aoss:DeleteIndex\"],\"Resource\":[\"index/tastetrend-rag/*\"],\"ResourceType\":\"index\"}]}]",
            "policy_version": "MTc1OTY5MzMxODM0MF81",
            "type": "data"
          },
          "sensitive_attributes": [],
          "identity_schema_version": 0,
          "dependencies": [
            "module.iam.aws_iam_role.lambda",
            "module.iam.data.aws_iam_policy_document.assume",
            "module.opensearch.aws_opensearchserverless_collection.tastetrend"
          ]
        }
      ]
    },
    {
      "module": "module.opensearch",
      "mode": "managed",
      "type": "aws_opensearchserverless_collection",
      "name": "tastetrend",
      "provider": "provider[\"registry.terraform.io/hashicorp/aws\"]",
      "instances": [
        {
          "schema_version": 0,
          "attributes": {
            "arn": "arn:aws:aoss:eu-central-1:550744777598:collection/697udndp6e24wq9djiu4",
            "collection_endpoint": "https://697udndp6e24wq9djiu4.eu-central-1.aoss.amazonaws.com",
            "dashboard_endpoint": "https://697udndp6e24wq9djiu4.eu-central-1.aoss.amazonaws.com/_dashboards",
            "description": "Serverless collection for TasteTrend RAG embeddings",
            "id": "697udndp6e24wq9djiu4",
            "kms_key_arn": "auto",
            "name": "tastetrend-rag",
            "standby_replicas": "ENABLED",
            "tags": null,
            "tags_all": {},
            "timeouts": null,
            "type": "SEARCH"
          },
          "sensitive_attributes": [],
          "identity_schema_version": 0
        }
      ]
    },
    {
      "module": "module.opensearch",
      "mode": "managed",
      "type": "aws_opensearchserverless_security_policy",
      "name": "encryption",
      "provider": "provider[\"registry.terraform.io/hashicorp/aws\"]",
      "instances": [
        {
          "schema_version": 0,
          "attributes": {
            "description": "Encryption policy for TasteTrend collection",
            "id": "tastetrend-encryption",
            "name": "tastetrend-encryption",
            "policy": "{\"AWSOwnedKey\":true,\"Rules\":[{\"Resource\":[\"collection/tastetrend-rag\"],\"ResourceType\":\"collection\"}]}",
            "policy_version": "MTc1OTY2NDI2OTE5Nl8x",
            "type": "encryption"
          },
          "sensitive_attributes": [],
          "identity_schema_version": 0,
          "dependencies": [
            "module.opensearch.aws_opensearchserverless_collection.tastetrend"
          ]
        }
      ]
    },
    {
      "module": "module.opensearch",
      "mode": "managed",
      "type": "aws_opensearchserverless_security_policy",
      "name": "network",
      "provider": "provider[\"registry.terraform.io/hashicorp/aws\"]",
      "instances": [
        {
          "schema_version": 0,
          "attributes": {
            "description": "Allow public access to the TasteTrend collection (PoC only)",
            "id": "tastetrend-network",
            "name": "tastetrend-network",
            "policy": "[{\"AllowFromPublic\":true,\"Rules\":[{\"Resource\":[\"collection/tastetrend-rag\"],\"ResourceType\":\"collection\"}]}]",
            "policy_version": "MTc1OTY2NTAwMzA1Nl8x",
            "type": "network"
          },
          "sensitive_attributes": [],
          "identity_schema_version": 0,
          "dependencies": [
            "module.opensearch.aws_opensearchserverless_collection.tastetrend"
          ]
        }
      ]
    },
    {
      "module": "module.processed",
      "mode": "managed",
      "type": "aws_s3_bucket",
      "name": "this",
      "provider": "provider[\"registry.terraform.io/hashicorp/aws\"]",
      "instances": [
        {
          "schema_version": 0,
          "attributes": {
            "acceleration_status": "",
            "acl": null,
            "arn": "arn:aws:s3:::tastetrend-dev-processed-550744777598",
            "bucket": "tastetrend-dev-processed-550744777598",
            "bucket_domain_name": "tastetrend-dev-processed-550744777598.s3.amazonaws.com",
            "bucket_prefix": "",
            "bucket_regional_domain_name": "tastetrend-dev-processed-550744777598.s3.eu-central-1.amazonaws.com",
            "cors_rule": [],
            "force_destroy": false,
            "grant": [
              {
                "id": "0deb17b4785afdfab3273f58657dc3bf9b594b02dfa214f0841f5c11b27dea2d",
                "permissions": [
                  "FULL_CONTROL"
                ],
                "type": "CanonicalUser",
                "uri": ""
              }
            ],
            "hosted_zone_id": "Z21DNDUVLTQW6Q",
            "id": "tastetrend-dev-processed-550744777598",
            "lifecycle_rule": [],
            "logging": [],
            "object_lock_configuration": [],
            "object_lock_enabled": false,
            "policy": "",
            "region": "eu-central-1",
            "replication_configuration": [],
            "request_payer": "BucketOwner",
            "server_side_encryption_configuration": [
              {
                "rule": [
                  {
                    "apply_server_side_encryption_by_default": [
                      {
                        "kms_master_key_id": "",
                        "sse_algorithm": "AES256"
                      }
                    ],
                    "bucket_key_enabled": false
                  }
                ]
              }
            ],
            "tags": {},
            "tags_all": {},
            "timeouts": null,
            "versioning": [
              {
                "enabled": true,
                "mfa_delete": false
              }
            ],
            "website": [],
            "website_domain": null,
            "website_endpoint": null
          },
          "sensitive_attributes": [],
          "identity_schema_version": 0,
          "private": "eyJlMmJmYjczMC1lY2FhLTExZTYtOGY4OC0zNDM2M2JjN2M0YzAiOnsiY3JlYXRlIjoxMjAwMDAwMDAwMDAwLCJkZWxldGUiOjM2MDAwMDAwMDAwMDAsInJlYWQiOjEyMDAwMDAwMDAwMDAsInVwZGF0ZSI6MTIwMDAwMDAwMDAwMH19",
          "dependencies": [
            "data.aws_caller_identity.me"
          ]
        }
      ]
    },
    {
      "module": "module.processed",
      "mode": "managed",
      "type": "aws_s3_bucket_public_access_block",
      "name": "block",
      "provider": "provider[\"registry.terraform.io/hashicorp/aws\"]",
      "instances": [
        {
          "schema_version": 0,
          "attributes": {
            "block_public_acls": true,
            "block_public_policy": true,
            "bucket": "tastetrend-dev-processed-550744777598",
            "id": "tastetrend-dev-processed-550744777598",
            "ignore_public_acls": true,
            "restrict_public_buckets": true
          },
          "sensitive_attributes": [],
          "identity_schema_version": 0,
          "private": "bnVsbA==",
          "dependencies": [
            "data.aws_caller_identity.me",
            "module.processed.aws_s3_bucket.this"
          ]
        }
      ]
    },
    {
      "module": "module.processed",
      "mode": "managed",
      "type": "aws_s3_bucket_server_side_encryption_configuration",
      "name": "enc",
      "provider": "provider[\"registry.terraform.io/hashicorp/aws\"]",
      "instances": [
        {
          "schema_version": 0,
          "attributes": {
            "bucket": "tastetrend-dev-processed-550744777598",
            "expected_bucket_owner": "",
            "id": "tastetrend-dev-processed-550744777598",
            "rule": [
              {
                "apply_server_side_encryption_by_default": [
                  {
                    "kms_master_key_id": "",
                    "sse_algorithm": "AES256"
                  }
                ],
                "bucket_key_enabled": false
              }
            ]
          },
          "sensitive_attributes": [],
          "identity_schema_version": 0,
          "private": "bnVsbA==",
          "dependencies": [
            "data.aws_caller_identity.me",
            "module.processed.aws_s3_bucket.this"
          ]
        }
      ]
    },
    {
      "module": "module.processed",
      "mode": "managed",
      "type": "aws_s3_bucket_versioning",
      "name": "v",
      "provider": "provider[\"registry.terraform.io/hashicorp/aws\"]",
      "instances": [
        {
          "schema_version": 0,
          "attributes": {
            "bucket": "tastetrend-dev-processed-550744777598",
            "expected_bucket_owner": "",
            "id": "tastetrend-dev-processed-550744777598",
            "mfa": null,
            "versioning_configuration": [
              {
                "mfa_delete": "",
                "status": "Enabled"
              }
            ]
          },
          "sensitive_attributes": [],
          "identity_schema_version": 0,
          "private": "bnVsbA==",
          "dependencies": [
            "data.aws_caller_identity.me",
            "module.processed.aws_s3_bucket.this"
          ]
        }
      ]
    },
    {
      "module": "module.raw",
      "mode": "managed",
      "type": "aws_s3_bucket",
      "name": "this",
      "provider": "provider[\"registry.terraform.io/hashicorp/aws\"]",
      "instances": [
        {
          "schema_version": 0,
          "attributes": {
            "acceleration_status": "",
            "acl": null,
            "arn": "arn:aws:s3:::tastetrend-dev-raw-550744777598",
            "bucket": "tastetrend-dev-raw-550744777598",
            "bucket_domain_name": "tastetrend-dev-raw-550744777598.s3.amazonaws.com",
            "bucket_prefix": "",
            "bucket_regional_domain_name": "tastetrend-dev-raw-550744777598.s3.eu-central-1.amazonaws.com",
            "cors_rule": [],
            "force_destroy": false,
            "grant": [
              {
                "id": "0deb17b4785afdfab3273f58657dc3bf9b594b02dfa214f0841f5c11b27dea2d",
                "permissions": [
                  "FULL_CONTROL"
                ],
                "type": "CanonicalUser",
                "uri": ""
              }
            ],
            "hosted_zone_id": "Z21DNDUVLTQW6Q",
            "id": "tastetrend-dev-raw-550744777598",
            "lifecycle_rule": [],
            "logging": [],
            "object_lock_configuration": [],
            "object_lock_enabled": false,
            "policy": "",
            "region": "eu-central-1",
            "replication_configuration": [],
            "request_payer": "BucketOwner",
            "server_side_encryption_configuration": [
              {
                "rule": [
                  {
                    "apply_server_side_encryption_by_default": [
                      {
                        "kms_master_key_id": "",
                        "sse_algorithm": "AES256"
                      }
                    ],
                    "bucket_key_enabled": false
                  }
                ]
              }
            ],
            "tags": {},
            "tags_all": {},
            "timeouts": null,
            "versioning": [
              {
                "enabled": true,
                "mfa_delete": false
              }
            ],
            "website": [],
            "website_domain": null,
            "website_endpoint": null
          },
          "sensitive_attributes": [],
          "identity_schema_version": 0,
          "private": "eyJlMmJmYjczMC1lY2FhLTExZTYtOGY4OC0zNDM2M2JjN2M0YzAiOnsiY3JlYXRlIjoxMjAwMDAwMDAwMDAwLCJkZWxldGUiOjM2MDAwMDAwMDAwMDAsInJlYWQiOjEyMDAwMDAwMDAwMDAsInVwZGF0ZSI6MTIwMDAwMDAwMDAwMH19",
          "dependencies": [
            "data.aws_caller_identity.me"
          ]
        }
      ]
    },
    {
      "module": "module.raw",
      "mode": "managed",
      "type": "aws_s3_bucket_public_access_block",
      "name": "block",
      "provider": "provider[\"registry.terraform.io/hashicorp/aws\"]",
      "instances": [
        {
          "schema_version": 0,
          "attributes": {
            "block_public_acls": true,
            "block_public_policy": true,
            "bucket": "tastetrend-dev-raw-550744777598",
            "id": "tastetrend-dev-raw-550744777598",
            "ignore_public_acls": true,
            "restrict_public_buckets": true
          },
          "sensitive_attributes": [],
          "identity_schema_version": 0,
          "private": "bnVsbA==",
          "dependencies": [
            "data.aws_caller_identity.me",
            "module.raw.aws_s3_bucket.this"
          ]
        }
      ]
    },
    {
      "module": "module.raw",
      "mode": "managed",
      "type": "aws_s3_bucket_server_side_encryption_configuration",
      "name": "enc",
      "provider": "provider[\"registry.terraform.io/hashicorp/aws\"]",
      "instances": [
        {
          "schema_version": 0,
          "attributes": {
            "bucket": "tastetrend-dev-raw-550744777598",
            "expected_bucket_owner": "",
            "id": "tastetrend-dev-raw-550744777598",
            "rule": [
              {
                "apply_server_side_encryption_by_default": [
                  {
                    "kms_master_key_id": "",
                    "sse_algorithm": "AES256"
                  }
                ],
                "bucket_key_enabled": false
              }
            ]
          },
          "sensitive_attributes": [],
          "identity_schema_version": 0,
          "private": "bnVsbA==",
          "dependencies": [
            "data.aws_caller_identity.me",
            "module.raw.aws_s3_bucket.this"
          ]
        }
      ]
    },
    {
      "module": "module.raw",
      "mode": "managed",
      "type": "aws_s3_bucket_versioning",
      "name": "v",
      "provider": "provider[\"registry.terraform.io/hashicorp/aws\"]",
      "instances": [
        {
          "schema_version": 0,
          "attributes": {
            "bucket": "tastetrend-dev-raw-550744777598",
            "expected_bucket_owner": "",
            "id": "tastetrend-dev-raw-550744777598",
            "mfa": null,
            "versioning_configuration": [
              {
                "mfa_delete": "",
                "status": "Enabled"
              }
            ]
          },
          "sensitive_attributes": [],
          "identity_schema_version": 0,
          "private": "bnVsbA==",
          "dependencies": [
            "data.aws_caller_identity.me",
            "module.raw.aws_s3_bucket.this"
          ]
        }
      ]
    }
  ],
  "check_results": null
}
